
Microsoft Visual Studio Solution File, Format Version 12.00
# Visual Studio Version 18
VisualStudioVersion = 18.3.11520.95
MinimumVisualStudioVersion = 10.0.40219.1
Project("{FAE04EC0-301F-11D3-BF4B-00C04F79EFBC}") = "PensionMCP", "PensionMCP\PensionMCP.csproj", "{A0002ACF-2ED8-A71B-D0B5-AC1321A71D7D}"
EndProject
Project("{FAE04EC0-301F-11D3-BF4B-00C04F79EFBC}") = "TestPensionMCP", "TestPensionMCP\TestPensionMCP.csproj", "{532A56CA-A597-4FFC-8EA1-84F4A08BF492}"
EndProject
Project("{2150E333-8FDC-42A3-9474-1A3956D46DE8}") = "Solution Items", "Solution Items", "{A3E98EE6-B36B-4885-9F0B-5D7398BABAFB}"
	ProjectSection(SolutionItems) = preProject
		.editorconfig = .editorconfig
	EndProjectSection
EndProject
Global
	GlobalSection(SolutionConfigurationPlatforms) = preSolution
		Debug|Any CPU = Debug|Any CPU
		Release|Any CPU = Release|Any CPU
	EndGlobalSection
	GlobalSection(ProjectConfigurationPlatforms) = postSolution
		{A0002ACF-2ED8-A71B-D0B5-AC1321A71D7D}.Debug|Any CPU.ActiveCfg = Debug|Any CPU
		{A0002ACF-2ED8-A71B-D0B5-AC1321A71D7D}.Debug|Any CPU.Build.0 = Debug|Any CPU
		{A0002ACF-2ED8-A71B-D0B5-AC1321A71D7D}.Release|Any CPU.ActiveCfg = Release|Any CPU
		{A0002ACF-2ED8-A71B-D0B5-AC1321A71D7D}.Release|Any CPU.Build.0 = Release|Any CPU
		{532A56CA-A597-4FFC-8EA1-84F4A08BF492}.Debug|Any CPU.ActiveCfg = Debug|Any CPU
		{532A56CA-A597-4FFC-8EA1-84F4A08BF492}.Debug|Any CPU.Build.0 = Debug|Any CPU
		{532A56CA-A597-4FFC-8EA1-84F4A08BF492}.Release|Any CPU.ActiveCfg = Release|Any CPU
		{532A56CA-A597-4FFC-8EA1-84F4A08BF492}.Release|Any CPU.Build.0 = Release|Any CPU
	EndGlobalSection
	GlobalSection(SolutionProperties) = preSolution
		HideSolutionNode = FALSE
	EndGlobalSection
	GlobalSection(ExtensibilityGlobals) = postSolution
		SolutionGuid = {D38EB462-34CE-421D-BA4B-8052040E5345}
	EndGlobalSection
EndGlobal
